<?xml version="1.0" encoding="utf-8"?>
<Project ToolsVersion="4.0" xmlns="http://schemas.microsoft.com/developer/msbuild/2003">
  <ItemGroup>
    <Filter Include="Resource Files">
      <UniqueIdentifier>{67DA6AB6-F800-4c08-8B7A-83BB121AAD01}</UniqueIdentifier>
      <Extensions>rc;ico;cur;bmp;dlg;rc2;rct;bin;rgs;gif;jpg;jpeg;jpe;resx;tiff;tif;png;wav;mfcribbon-ms</Extensions>
    </Filter>
    <Filter Include="Components">
      <UniqueIdentifier>{b03f8cc9-2bb7-4df8-957b-948cb8be153d}</UniqueIdentifier>
    </Filter>
    <Filter Include="GameObjects">
      <UniqueIdentifier>{49ccbac3-e5b6-4629-b8d4-a61732216f7a}</UniqueIdentifier>
    </Filter>
    <Filter Include="Core">
      <UniqueIdentifier>{e44d7a8c-3008-4ecd-b408-528d967944b7}</UniqueIdentifier>
    </Filter>
    <Filter Include="Helper">
      <UniqueIdentifier>{2dd1121b-c66d-4c14-ab0b-e1b0170b474d}</UniqueIdentifier>
    </Filter>
    <Filter Include="GameModes">
      <UniqueIdentifier>{1d8ee2af-1427-4c5d-9914-f8a2e3df0beb}</UniqueIdentifier>
    </Filter>
  </ItemGroup>
  <ItemGroup>
    <ClInclude Include="Minigin.h">
      <Filter>Core</Filter>
    </ClInclude>
    <ClInclude Include="MiniginPCH.h">
      <Filter>Core</Filter>
    </ClInclude>
    <ClInclude Include="FPS.h">
      <Filter>Components</Filter>
    </ClInclude>
    <ClInclude Include="PlayerControllerComponent.h">
      <Filter>Components</Filter>
    </ClInclude>
    <ClInclude Include="Player.h">
      <Filter>GameObjects</Filter>
    </ClInclude>
    <ClInclude Include="Enemy.h">
      <Filter>GameObjects</Filter>
    </ClInclude>
    <ClInclude Include="AIControllerComponent.h">
      <Filter>Components</Filter>
    </ClInclude>
    <ClInclude Include="BulletBehaviourComponent.h">
      <Filter>Components</Filter>
    </ClInclude>
    <ClInclude Include="LevelLoader.h">
      <Filter>Helper</Filter>
    </ClInclude>
    <ClInclude Include="BubbleBobbleAnimationComponent.h">
      <Filter>Components</Filter>
    </ClInclude>
    <ClInclude Include="ControllerComponent.h">
      <Filter>Components</Filter>
    </ClInclude>
    <ClInclude Include="AnimationStates.h" />
    <ClInclude Include="VersusMode.h">
      <Filter>GameModes</Filter>
    </ClInclude>
    <ClInclude Include="SingleMode.h">
      <Filter>GameModes</Filter>
    </ClInclude>
    <ClInclude Include="EventCodes.h">
      <Filter>Helper</Filter>
    </ClInclude>
    <ClInclude Include="CoopMode.h">
      <Filter>GameModes</Filter>
    </ClInclude>
  </ItemGroup>
  <ItemGroup>
    <ClCompile Include="Main.cpp">
      <Filter>Core</Filter>
    </ClCompile>
    <ClCompile Include="Minigin.cpp">
      <Filter>Core</Filter>
    </ClCompile>
    <ClCompile Include="MiniginPCH.cpp">
      <Filter>Core</Filter>
    </ClCompile>
    <ClCompile Include="FPS.cpp">
      <Filter>Components</Filter>
    </ClCompile>
    <ClCompile Include="PlayerControllerComponent.cpp">
      <Filter>Components</Filter>
    </ClCompile>
    <ClCompile Include="Player.cpp">
      <Filter>GameObjects</Filter>
    </ClCompile>
    <ClCompile Include="Enemy.cpp">
      <Filter>GameObjects</Filter>
    </ClCompile>
    <ClCompile Include="AIControllerComponent.cpp">
      <Filter>Components</Filter>
    </ClCompile>
    <ClCompile Include="BulletBehaviourComponent.cpp">
      <Filter>Components</Filter>
    </ClCompile>
    <ClCompile Include="LevelLoader.cpp">
      <Filter>Helper</Filter>
    </ClCompile>
    <ClCompile Include="BubbleBobbleAnimationComponent.cpp">
      <Filter>Components</Filter>
    </ClCompile>
    <ClCompile Include="ControllerComponent.cpp">
      <Filter>Components</Filter>
    </ClCompile>
    <ClCompile Include="AnimationStates.cpp" />
    <ClCompile Include="VersusMode.cpp">
      <Filter>GameModes</Filter>
    </ClCompile>
    <ClCompile Include="SingleMode.cpp">
      <Filter>GameModes</Filter>
    </ClCompile>
    <ClCompile Include="CoopMode.cpp">
      <Filter>GameModes</Filter>
    </ClCompile>
  </ItemGroup>
</Project>