<?xml version="1.0" encoding="utf-8"?>
<Project ToolsVersion="4.0" xmlns="http://schemas.microsoft.com/developer/msbuild/2003">
  <ItemGroup>
    <Filter Include="Resource Files">
      <UniqueIdentifier>{67DA6AB6-F800-4c08-8B7A-83BB121AAD01}</UniqueIdentifier>
      <Extensions>rc;ico;cur;bmp;dlg;rc2;rct;bin;rgs;gif;jpg;jpeg;jpe;resx;tiff;tif;png;wav;mfcribbon-ms</Extensions>
    </Filter>
    <Filter Include="Components">
      <UniqueIdentifier>{b03f8cc9-2bb7-4df8-957b-948cb8be153d}</UniqueIdentifier>
    </Filter>
    <Filter Include="GameObjects">
      <UniqueIdentifier>{49ccbac3-e5b6-4629-b8d4-a61732216f7a}</UniqueIdentifier>
    </Filter>
    <Filter Include="Manager">
      <UniqueIdentifier>{2dd1121b-c66d-4c14-ab0b-e1b0170b474d}</UniqueIdentifier>
    </Filter>
    <Filter Include="Core">
      <UniqueIdentifier>{e44d7a8c-3008-4ecd-b408-528d967944b7}</UniqueIdentifier>
    </Filter>
  </ItemGroup>
  <ItemGroup>
    <ClInclude Include="Minigin.h">
      <Filter>Core</Filter>
    </ClInclude>
    <ClInclude Include="MiniginPCH.h">
      <Filter>Core</Filter>
    </ClInclude>
    <ClInclude Include="LevelLoader.h" />
    <ClInclude Include="Wall.h">
      <Filter>GameObjects</Filter>
    </ClInclude>
    <ClInclude Include="FPS.h">
      <Filter>Components</Filter>
    </ClInclude>
    <ClInclude Include="Player.h" />
    <ClInclude Include="PlayerControllerComponent.h" />
  </ItemGroup>
  <ItemGroup>
    <ClCompile Include="Main.cpp">
      <Filter>Core</Filter>
    </ClCompile>
    <ClCompile Include="Minigin.cpp">
      <Filter>Core</Filter>
    </ClCompile>
    <ClCompile Include="MiniginPCH.cpp">
      <Filter>Core</Filter>
    </ClCompile>
    <ClCompile Include="LevelLoader.cpp" />
    <ClCompile Include="Wall.cpp">
      <Filter>GameObjects</Filter>
    </ClCompile>
    <ClCompile Include="FPS.cpp">
      <Filter>Components</Filter>
    </ClCompile>
    <ClCompile Include="Player.cpp" />
    <ClCompile Include="PlayerControllerComponent.cpp" />
  </ItemGroup>
</Project>